
Microsoft Visual Studio Solution File, Format Version 12.00
# Visual Studio Version 17
VisualStudioVersion = 17.1.32228.430
MinimumVisualStudioVersion = 10.0.40219.1
Project("{9A19103F-16F7-4668-BE54-9A1E7A4F7556}") = "API.Logger", "API.Logger\API.Logger.csproj", "{DFE0D678-D669-4A93-841A-A9FDF38D5389}"
EndProject
Project("{9A19103F-16F7-4668-BE54-9A1E7A4F7556}") = "ApiLoggerLib", "ApiLoggerLib\ApiLoggerLib.csproj", "{0B7F0917-E2E8-4212-852B-9C0C0C028A3A}"
EndProject
Project("{FAE04EC0-301F-11D3-BF4B-00C04F79EFBC}") = "ApiLoggerLib.Test", "ApiLoggerLib.Test\ApiLoggerLib.Test.csproj", "{BD6E2777-13C7-4C20-8C93-BE0FC964621B}"
EndProject
Global
	GlobalSection(SolutionConfigurationPlatforms) = preSolution
		Debug|Any CPU = Debug|Any CPU
		Release|Any CPU = Release|Any CPU
	EndGlobalSection
	GlobalSection(ProjectConfigurationPlatforms) = postSolution
		{DFE0D678-D669-4A93-841A-A9FDF38D5389}.Debug|Any CPU.ActiveCfg = Debug|Any CPU
		{DFE0D678-D669-4A93-841A-A9FDF38D5389}.Debug|Any CPU.Build.0 = Debug|Any CPU
		{DFE0D678-D669-4A93-841A-A9FDF38D5389}.Release|Any CPU.ActiveCfg = Release|Any CPU
		{DFE0D678-D669-4A93-841A-A9FDF38D5389}.Release|Any CPU.Build.0 = Release|Any CPU
		{0B7F0917-E2E8-4212-852B-9C0C0C028A3A}.Debug|Any CPU.ActiveCfg = Debug|Any CPU
		{0B7F0917-E2E8-4212-852B-9C0C0C028A3A}.Debug|Any CPU.Build.0 = Debug|Any CPU
		{0B7F0917-E2E8-4212-852B-9C0C0C028A3A}.Release|Any CPU.ActiveCfg = Release|Any CPU
		{0B7F0917-E2E8-4212-852B-9C0C0C028A3A}.Release|Any CPU.Build.0 = Release|Any CPU
		{BD6E2777-13C7-4C20-8C93-BE0FC964621B}.Debug|Any CPU.ActiveCfg = Debug|Any CPU
		{BD6E2777-13C7-4C20-8C93-BE0FC964621B}.Debug|Any CPU.Build.0 = Debug|Any CPU
		{BD6E2777-13C7-4C20-8C93-BE0FC964621B}.Release|Any CPU.ActiveCfg = Release|Any CPU
		{BD6E2777-13C7-4C20-8C93-BE0FC964621B}.Release|Any CPU.Build.0 = Release|Any CPU
	EndGlobalSection
	GlobalSection(SolutionProperties) = preSolution
		HideSolutionNode = FALSE
	EndGlobalSection
	GlobalSection(ExtensibilityGlobals) = postSolution
		SolutionGuid = {38684F50-FA2B-41A9-8EC8-E1DB386E73C7}
	EndGlobalSection
EndGlobal
